{
  "name": "@myntra/uikit-component-job-tracker",
  "version": "1.12.12",
  "lockfileVersion": 1,
  "requires": true,
  "dependencies": {
    "@myntra/uikit-can-i-use": {
      "version": "1.12.12",
      "requires": {
        "react": "16.9.0",
        "react-dom": "16.9.0"
      },
      "dependencies": {
        "@types/react": {
          "bundled": true
        },
        "@types/react-dom": {
          "bundled": true
        },
        "react": {
          "version": "16.9.0",
          "bundled": true,
          "optional": true,
          "requires": {
            "loose-envify": "1.4.0",
            "object-assign": "4.1.1",
            "prop-types": "15.7.2"
          },
          "dependencies": {
            "js-tokens": {
              "version": "4.0.0",
              "bundled": true
            },
            "loose-envify": {
              "version": "1.4.0",
              "bundled": true,
              "requires": {
                "js-tokens": "4.0.0"
              }
            },
            "object-assign": {
              "version": "4.1.1",
              "bundled": true
            },
            "prop-types": {
              "version": "15.7.2",
              "bundled": true,
              "requires": {
                "loose-envify": "1.4.0",
                "object-assign": "4.1.1",
                "react-is": "16.9.0"
              }
            },
            "react-is": {
              "version": "16.9.0",
              "bundled": true
            }
          }
        },
        "react-dom": {
          "version": "16.9.0",
          "bundled": true,
          "optional": true,
          "requires": {
            "loose-envify": "1.4.0",
            "object-assign": "4.1.1",
            "prop-types": "15.7.2",
            "scheduler": "0.15.0"
          },
          "dependencies": {
            "js-tokens": {
              "version": "4.0.0",
              "bundled": true
            },
            "loose-envify": {
              "version": "1.4.0",
              "bundled": true,
              "requires": {
                "js-tokens": "4.0.0"
              }
            },
            "object-assign": {
              "version": "4.1.1",
              "bundled": true
            },
            "prop-types": {
              "version": "15.7.2",
              "bundled": true,
              "optional": true,
              "requires": {
                "loose-envify": "1.4.0",
                "object-assign": "4.1.1",
                "react-is": "16.9.0"
              }
            },
            "react-is": {
              "version": "16.9.0",
              "bundled": true,
              "optional": true
            },
            "scheduler": {
              "version": "0.15.0",
              "bundled": true,
              "optional": true,
              "requires": {
                "loose-envify": "1.4.0",
                "object-assign": "4.1.1"
              }
            }
          }
        }
      }
    },
    "@myntra/uikit-component-button": {
      "version": "1.12.12",
      "requires": {
        "@myntra/uikit-can-i-use": "1.12.12",
        "@myntra/uikit-component-icon": "1.12.12",
        "@myntra/uikit-context": "1.12.12",
        "@myntra/uikit-utils": "1.12.12",
        "react": "16.9.0"
      },
      "dependencies": {
        "@myntra/uikit-can-i-use": {
          "version": "1.12.12",
          "bundled": true,
          "requires": {
            "react": "16.9.0",
            "react-dom": "16.9.0"
          },
          "dependencies": {
            "@types/react": {
              "bundled": true
            },
            "@types/react-dom": {
              "bundled": true
            },
            "react": {
              "version": "16.9.0",
              "bundled": true,
              "optional": true,
              "requires": {
                "loose-envify": "1.4.0",
                "object-assign": "4.1.1",
                "prop-types": "15.7.2"
              },
              "dependencies": {}
            },
            "react-dom": {
              "version": "16.9.0",
              "bundled": true,
              "optional": true,
              "requires": {
                "loose-envify": "1.4.0",
                "object-assign": "4.1.1",
                "prop-types": "15.7.2",
                "scheduler": "0.15.0"
              },
              "dependencies": {}
            }
          }
        },
        "@myntra/uikit-component-icon": {
          "version": "1.12.12",
          "bundled": true,
          "requires": {
            "@myntra/uikit-can-i-use": "1.12.12",
            "@myntra/uikit-utils": "1.12.12",
            "react": "16.9.0"
          },
          "dependencies": {
            "@myntra/svg": {
              "bundled": true,
              "requires": {
                "svg-parser": "1.0.6"
              },
              "dependencies": {
                "svg-parser": {
                  "version": "1.0.6",
                  "bundled": true
                }
              }
            },
            "@myntra/uikit-can-i-use": {
              "version": "1.12.12",
              "bundled": true,
              "requires": {
                "react": "16.9.0",
                "react-dom": "16.9.0"
              },
              "dependencies": {
                "@types/react": {
                  "bundled": true
                },
                "@types/react-dom": {
                  "bundled": true
                },
                "react": {
                  "version": "16.9.0",
                  "bundled": true,
                  "optional": true,
                  "requires": {
                    "loose-envify": "1.4.0",
                    "object-assign": "4.1.1",
                    "prop-types": "15.7.2"
                  },
                  "dependencies": {}
                },
                "react-dom": {
                  "version": "16.9.0",
                  "bundled": true,
                  "optional": true,
                  "requires": {
                    "loose-envify": "1.4.0",
                    "object-assign": "4.1.1",
                    "prop-types": "15.7.2",
                    "scheduler": "0.15.0"
                  },
                  "dependencies": {}
                }
              }
            },
            "@myntra/uikit-utils": {
              "version": "1.12.12",
              "bundled": true,
              "requires": {
                "react": "16.9.0"
              },
              "dependencies": {
                "@types/react": {
                  "bundled": true
                },
                "react": {
                  "version": "16.9.0",
                  "bundled": true,
                  "optional": true,
                  "requires": {
                    "loose-envify": "1.4.0",
                    "object-assign": "4.1.1",
                    "prop-types": "15.7.2"
                  },
                  "dependencies": {
                    "js-tokens": {
                      "version": "4.0.0",
                      "bundled": true
                    },
                    "loose-envify": {
                      "version": "1.4.0",
                      "bundled": true,
                      "requires": {
                        "js-tokens": "4.0.0"
                      }
                    },
                    "object-assign": {
                      "version": "4.1.1",
                      "bundled": true
                    },
                    "prop-types": {
                      "version": "15.7.2",
                      "bundled": true,
                      "requires": {
                        "loose-envify": "1.4.0",
                        "object-assign": "4.1.1",
                        "react-is": "16.9.0"
                      }
                    },
                    "react-is": {
                      "version": "16.9.0",
                      "bundled": true
                    }
                  }
                }
              }
            },
            "@types/react": {
              "bundled": true
            },
            "@znck/promised": {
              "bundled": true
            },
            "glob": {
              "bundled": true
            },
            "lodash.camelcase": {
              "bundled": true
            },
            "prettier": {
              "bundled": true
            },
            "react": {
              "version": "16.9.0",
              "bundled": true,
              "optional": true,
              "requires": {
                "loose-envify": "1.4.0",
                "object-assign": "4.1.1",
                "prop-types": "15.7.2"
              },
              "dependencies": {
                "js-tokens": {
                  "version": "4.0.0",
                  "bundled": true
                },
                "loose-envify": {
                  "version": "1.4.0",
                  "bundled": true,
                  "requires": {
                    "js-tokens": "4.0.0"
                  }
                },
                "object-assign": {
                  "version": "4.1.1",
                  "bundled": true
                },
                "prop-types": {
                  "version": "15.7.2",
                  "bundled": true,
                  "requires": {
                    "loose-envify": "1.4.0",
                    "object-assign": "4.1.1",
                    "react-is": "16.9.0"
                  }
                },
                "react-is": {
                  "version": "16.9.0",
                  "bundled": true
                }
              }
            }
          }
        },
        "@myntra/uikit-context": {
          "version": "1.12.12",
          "bundled": true,
          "requires": {
            "@myntra/uikit-can-i-use": "1.12.12",
            "react": "16.9.0"
          },
          "dependencies": {
            "@myntra/uikit-can-i-use": {
              "version": "1.12.12",
              "bundled": true,
              "requires": {
                "react": "16.9.0",
                "react-dom": "16.9.0"
              },
              "dependencies": {
                "@types/react": {
                  "bundled": true
                },
                "@types/react-dom": {
                  "bundled": true
                },
                "react": {
                  "version": "16.9.0",
                  "bundled": true,
                  "optional": true,
                  "requires": {
                    "loose-envify": "1.4.0",
                    "object-assign": "4.1.1",
                    "prop-types": "15.7.2"
                  },
                  "dependencies": {}
                },
                "react-dom": {
                  "version": "16.9.0",
                  "bundled": true,
                  "optional": true,
                  "requires": {
                    "loose-envify": "1.4.0",
                    "object-assign": "4.1.1",
                    "prop-types": "15.7.2",
                    "scheduler": "0.15.0"
                  },
                  "dependencies": {}
                }
              }
            },
            "@types/react": {
              "bundled": true
            },
            "react": {
              "version": "16.9.0",
              "bundled": true,
              "requires": {
                "loose-envify": "1.4.0",
                "object-assign": "4.1.1",
                "prop-types": "15.7.2"
              },
              "dependencies": {
                "js-tokens": {
                  "version": "4.0.0",
                  "bundled": true
                },
                "loose-envify": {
                  "version": "1.4.0",
                  "bundled": true,
                  "requires": {
                    "js-tokens": "4.0.0"
                  }
                },
                "object-assign": {
                  "version": "4.1.1",
                  "bundled": true
                },
                "prop-types": {
                  "version": "15.7.2",
                  "bundled": true,
                  "requires": {
                    "loose-envify": "1.4.0",
                    "object-assign": "4.1.1",
                    "react-is": "16.9.0"
                  }
                },
                "react-is": {
                  "version": "16.9.0",
                  "bundled": true
                }
              }
            }
          }
        },
        "@myntra/uikit-utils": {
          "version": "1.12.12",
          "bundled": true,
          "requires": {
            "react": "16.9.0"
          },
          "dependencies": {
            "@types/react": {
              "bundled": true
            },
            "react": {
              "version": "16.9.0",
              "bundled": true,
              "optional": true,
              "requires": {
                "loose-envify": "1.4.0",
                "object-assign": "4.1.1",
                "prop-types": "15.7.2"
              },
              "dependencies": {}
            }
          }
        },
        "@types/react": {
          "bundled": true
        },
        "react": {
          "version": "16.9.0",
          "bundled": true,
          "optional": true,
          "requires": {
            "loose-envify": "1.4.0",
            "object-assign": "4.1.1",
            "prop-types": "15.7.2"
          },
          "dependencies": {
            "js-tokens": {
              "version": "4.0.0",
              "bundled": true
            },
            "loose-envify": {
              "version": "1.4.0",
              "bundled": true,
              "requires": {
                "js-tokens": "4.0.0"
              }
            },
            "object-assign": {
              "version": "4.1.1",
              "bundled": true
            },
            "prop-types": {
              "version": "15.7.2",
              "bundled": true,
              "requires": {
                "loose-envify": "1.4.0",
                "object-assign": "4.1.1",
                "react-is": "16.9.0"
              }
            },
            "react-is": {
              "version": "16.9.0",
              "bundled": true
            }
          }
        }
      }
    },
    "@myntra/uikit-component-grid": {
      "version": "1.12.12",
      "requires": {
        "@myntra/uikit-can-i-use": "1.12.12",
        "@myntra/uikit-utils": "1.12.12",
        "prop-types": "15.7.2",
        "react": "16.9.0"
      },
      "dependencies": {
        "@myntra/codemod-utils": {
          "bundled": true,
          "requires": {
            "@myntra/eslint-config-standard": "1.12.12",
            "debug": "3.2.6",
            "eslint": "4.19.1",
            "execa": "0.10.0",
            "glob": "7.1.4",
            "jscodeshift": "0.5.1",
            "jsdoc-api": "4.0.3",
            "prettier": "1.18.2"
          },
          "dependencies": {
            "@myntra/eslint-config-standard": {
              "version": "1.12.12",
              "bundled": true,
              "requires": {
                "babel-eslint": "8.2.6",
                "babel-plugin-syntax-jsx": "6.18.0",
                "eslint": "6.4.0",
                "eslint-config-prettier": "2.10.0",
                "eslint-config-standard": "11.0.0",
                "eslint-plugin-babel": "5.3.0",
                "eslint-plugin-import": "2.18.2",
                "eslint-plugin-jest": "21.27.2",
                "eslint-plugin-json": "1.4.0",
                "eslint-plugin-jsx-a11y": "6.2.3",
                "eslint-plugin-node": "6.0.1",
                "eslint-plugin-prettier": "2.7.0",
                "eslint-plugin-promise": "3.8.0",
                "eslint-plugin-react": "7.14.3",
                "eslint-plugin-standard": "3.1.0",
                "prettier": "1.18.2"
              },
              "dependencies": {
                "babel-eslint": {
                  "version": "8.2.6",
                  "bundled": true
                },
                "babel-plugin-syntax-jsx": {
                  "version": "6.18.0",
                  "bundled": true
                },
                "eslint": {
                  "version": "6.4.0",
                  "bundled": true,
                  "optional": true
                },
                "eslint-config-prettier": {
                  "version": "2.10.0",
                  "bundled": true
                },
                "eslint-config-standard": {
                  "version": "11.0.0",
                  "bundled": true
                },
                "eslint-plugin-babel": {
                  "version": "5.3.0",
                  "bundled": true
                },
                "eslint-plugin-import": {
                  "version": "2.18.2",
                  "bundled": true
                },
                "eslint-plugin-jest": {
                  "version": "21.27.2",
                  "bundled": true
                },
                "eslint-plugin-json": {
                  "version": "1.4.0",
                  "bundled": true
                },
                "eslint-plugin-jsx-a11y": {
                  "version": "6.2.3",
                  "bundled": true
                },
                "eslint-plugin-node": {
                  "version": "6.0.1",
                  "bundled": true
                },
                "eslint-plugin-prettier": {
                  "version": "2.7.0",
                  "bundled": true
                },
                "eslint-plugin-promise": {
                  "version": "3.8.0",
                  "bundled": true
                },
                "eslint-plugin-react": {
                  "version": "7.14.3",
                  "bundled": true
                },
                "eslint-plugin-standard": {
                  "version": "3.1.0",
                  "bundled": true
                },
                "prettier": {
                  "version": "1.18.2",
                  "bundled": true
                }
              }
            },
            "debug": {
              "version": "3.2.6",
              "bundled": true
            },
            "eslint": {
              "version": "4.19.1",
              "bundled": true
            },
            "execa": {
              "version": "0.10.0",
              "bundled": true
            },
            "glob": {
              "version": "7.1.4",
              "bundled": true
            },
            "jscodeshift": {
              "version": "0.5.1",
              "bundled": true
            },
            "jsdoc-api": {
              "version": "4.0.3",
              "bundled": true
            },
            "prettier": {
              "version": "1.18.2",
              "bundled": true
            }
          }
        },
        "@myntra/uikit-can-i-use": {
          "version": "1.12.12",
          "bundled": true,
          "requires": {
            "react": "16.9.0",
            "react-dom": "16.9.0"
          },
          "dependencies": {
            "@types/react": {
              "bundled": true
            },
            "@types/react-dom": {
              "bundled": true
            },
            "react": {
              "version": "16.9.0",
              "bundled": true,
              "optional": true,
              "requires": {
                "loose-envify": "1.4.0",
                "object-assign": "4.1.1",
                "prop-types": "15.7.2"
              },
              "dependencies": {}
            },
            "react-dom": {
              "version": "16.9.0",
              "bundled": true,
              "optional": true,
              "requires": {
                "loose-envify": "1.4.0",
                "object-assign": "4.1.1",
                "prop-types": "15.7.2",
                "scheduler": "0.15.0"
              },
              "dependencies": {}
            }
          }
        },
        "@myntra/uikit-utils": {
          "version": "1.12.12",
          "bundled": true,
          "requires": {
            "react": "16.9.0"
          },
          "dependencies": {
            "@types/react": {
              "bundled": true
            },
            "react": {
              "version": "16.9.0",
              "bundled": true,
              "optional": true,
              "requires": {
                "loose-envify": "1.4.0",
                "object-assign": "4.1.1",
                "prop-types": "15.7.2"
              },
              "dependencies": {}
            }
          }
        },
        "@types/react": {
          "bundled": true
        },
        "prop-types": {
          "version": "15.7.2",
          "bundled": true,
          "requires": {
            "loose-envify": "1.4.0",
            "object-assign": "4.1.1",
            "react-is": "16.9.0"
          },
          "dependencies": {
            "js-tokens": {
              "version": "4.0.0",
              "bundled": true
            },
            "loose-envify": {
              "version": "1.4.0",
              "bundled": true,
              "requires": {
                "js-tokens": "4.0.0"
              }
            },
            "object-assign": {
              "version": "4.1.1",
              "bundled": true
            },
            "react-is": {
              "version": "16.9.0",
              "bundled": true
            }
          }
        },
        "react": {
          "version": "16.9.0",
          "bundled": true,
          "optional": true,
          "requires": {
            "loose-envify": "1.4.0",
            "object-assign": "4.1.1",
            "prop-types": "15.7.2"
          },
          "dependencies": {
            "js-tokens": {
              "version": "4.0.0",
              "bundled": true
            },
            "loose-envify": {
              "version": "1.4.0",
              "bundled": true,
              "requires": {
                "js-tokens": "4.0.0"
              }
            },
            "object-assign": {
              "version": "4.1.1",
              "bundled": true
            },
            "prop-types": {
              "version": "15.7.2",
              "bundled": true,
              "requires": {
                "loose-envify": "1.4.0",
                "object-assign": "4.1.1",
                "react-is": "16.9.0"
              }
            },
            "react-is": {
              "version": "16.9.0",
              "bundled": true
            }
          }
        }
      }
    },
    "@myntra/uikit-component-icon": {
      "version": "1.12.12",
      "requires": {
        "@myntra/uikit-can-i-use": "1.12.12",
        "@myntra/uikit-utils": "1.12.12",
        "react": "16.9.0"
      },
      "dependencies": {
        "@myntra/svg": {
          "bundled": true,
          "requires": {
            "svg-parser": "1.0.6"
          },
          "dependencies": {}
        },
        "@myntra/uikit-can-i-use": {
          "version": "1.12.12",
          "bundled": true,
          "requires": {
            "react": "16.9.0",
            "react-dom": "16.9.0"
          },
          "dependencies": {}
        },
        "@myntra/uikit-utils": {
          "version": "1.12.12",
          "bundled": true,
          "requires": {
            "react": "16.9.0"
          },
          "dependencies": {}
        },
        "@types/react": {
          "bundled": true
        },
        "@znck/promised": {
          "bundled": true
        },
        "glob": {
          "bundled": true
        },
        "lodash.camelcase": {
          "bundled": true
        },
        "prettier": {
          "bundled": true
        },
        "react": {
          "version": "16.9.0",
          "bundled": true,
          "optional": true,
          "requires": {
            "loose-envify": "1.4.0",
            "object-assign": "4.1.1",
            "prop-types": "15.7.2"
          },
          "dependencies": {}
        }
      }
    },
    "@myntra/uikit-component-layout": {
      "version": "1.12.10",
      "resolved": "https://registry.myntra.com/@myntra/uikit-component-layout/-/@myntra/uikit-component-layout-1.12.10.tgz",
      "integrity": "sha512-BP6YrttDurukDv9dWAm9Cvj+44hkxSQKBFFlt9Zx/RBgBtEdq3ZFcT0vkFqwXe1pOhBMm8uV/bD33ysA6Smhyg==",
      "requires": {
        "@myntra/uikit-utils": "1.12.12",
        "react": "16.9.0"
      }
    },
    "@myntra/uikit-utils": {
      "version": "1.12.12",
      "requires": {
        "react": "16.9.0"
      },
      "dependencies": {
        "@types/react": {
          "bundled": true
        },
        "react": {
          "version": "16.9.0",
          "bundled": true,
          "optional": true,
          "requires": {
            "loose-envify": "1.4.0",
            "object-assign": "4.1.1",
            "prop-types": "15.7.2"
          },
          "dependencies": {}
        }
      }
    },
    "@types/react": {
      "version": "16.9.1",
      "dev": true,
      "requires": {
        "@types/prop-types": "15.7.3",
        "csstype": "2.6.6"
      },
      "dependencies": {
        "@types/prop-types": {
          "version": "15.7.3",
          "bundled": true,
          "dev": true
        },
        "csstype": {
          "version": "2.6.6",
          "bundled": true,
          "dev": true
        }
      }
    },
    "dayjs": {
      "version": "1.8.15"
    },
    "react": {
      "version": "16.9.0",
      "optional": true,
      "requires": {
        "loose-envify": "1.4.0",
        "object-assign": "4.1.1",
        "prop-types": "15.7.2"
      },
      "dependencies": {
        "js-tokens": {
          "version": "4.0.0",
          "bundled": true
        },
        "loose-envify": {
          "version": "1.4.0",
          "bundled": true,
          "requires": {
            "js-tokens": "4.0.0"
          }
        },
        "object-assign": {
          "version": "4.1.1",
          "bundled": true
        },
        "prop-types": {
          "version": "15.7.2",
          "bundled": true,
          "requires": {
            "loose-envify": "1.4.0",
            "object-assign": "4.1.1",
            "react-is": "16.9.0"
          }
        },
        "react-is": {
          "version": "16.9.0",
          "bundled": true
        }
      }
    }
  }
}
